
Microsoft Visual Studio Solution File, Format Version 12.00
# Visual Studio Version 16
VisualStudioVersion = 16.0.30002.166
MinimumVisualStudioVersion = 10.0.40219.1
Project("{FAE04EC0-301F-11D3-BF4B-00C04F79EFBC}") = "VirtualStoreTechMS", "VirtualStoreTechMS\VirtualStoreTechMS.csproj", "{C65358E0-A50B-4BEF-8D19-7B61639572FD}"
EndProject
Project("{FAE04EC0-301F-11D3-BF4B-00C04F79EFBC}") = "GatewayTechMS", "GatewayTechMS\GatewayTechMS.csproj", "{28702E02-B8CA-4237-A28D-3EAFEFA90FD2}"
EndProject
Global
	GlobalSection(SolutionConfigurationPlatforms) = preSolution
		Debug|Any CPU = Debug|Any CPU
		Release|Any CPU = Release|Any CPU
	EndGlobalSection
	GlobalSection(ProjectConfigurationPlatforms) = postSolution
		{C65358E0-A50B-4BEF-8D19-7B61639572FD}.Debug|Any CPU.ActiveCfg = Debug|Any CPU
		{C65358E0-A50B-4BEF-8D19-7B61639572FD}.Debug|Any CPU.Build.0 = Debug|Any CPU
		{C65358E0-A50B-4BEF-8D19-7B61639572FD}.Release|Any CPU.ActiveCfg = Release|Any CPU
		{C65358E0-A50B-4BEF-8D19-7B61639572FD}.Release|Any CPU.Build.0 = Release|Any CPU
		{28702E02-B8CA-4237-A28D-3EAFEFA90FD2}.Debug|Any CPU.ActiveCfg = Debug|Any CPU
		{28702E02-B8CA-4237-A28D-3EAFEFA90FD2}.Debug|Any CPU.Build.0 = Debug|Any CPU
		{28702E02-B8CA-4237-A28D-3EAFEFA90FD2}.Release|Any CPU.ActiveCfg = Release|Any CPU
		{28702E02-B8CA-4237-A28D-3EAFEFA90FD2}.Release|Any CPU.Build.0 = Release|Any CPU
	EndGlobalSection
	GlobalSection(SolutionProperties) = preSolution
		HideSolutionNode = FALSE
	EndGlobalSection
	GlobalSection(ExtensibilityGlobals) = postSolution
		SolutionGuid = {5763FD97-375D-4FC5-A9CE-31C47CE3B72B}
	EndGlobalSection
EndGlobal
